
Microsoft Visual Studio Solution File, Format Version 12.00
# Visual Studio Version 16
VisualStudioVersion = 16.0.31205.134
MinimumVisualStudioVersion = 10.0.40219.1
Project("{FAE04EC0-301F-11D3-BF4B-00C04F79EFBC}") = "01", "01\01.csproj", "{FD8D83D4-4EA3-485B-A2EA-233D2B720455}"
EndProject
Project("{FAE04EC0-301F-11D3-BF4B-00C04F79EFBC}") = "02", "02\02.csproj", "{071C6D9B-6BDF-4CD9-B1A6-1422F495B5B9}"
EndProject
Project("{FAE04EC0-301F-11D3-BF4B-00C04F79EFBC}") = "03", "03\03.csproj", "{29ED1AF1-8E45-4E2D-97CA-56857254A75A}"
EndProject
Global
	GlobalSection(SolutionConfigurationPlatforms) = preSolution
		Debug|Any CPU = Debug|Any CPU
		Release|Any CPU = Release|Any CPU
	EndGlobalSection
	GlobalSection(ProjectConfigurationPlatforms) = postSolution
		{FD8D83D4-4EA3-485B-A2EA-233D2B720455}.Debug|Any CPU.ActiveCfg = Debug|Any CPU
		{FD8D83D4-4EA3-485B-A2EA-233D2B720455}.Debug|Any CPU.Build.0 = Debug|Any CPU
		{FD8D83D4-4EA3-485B-A2EA-233D2B720455}.Release|Any CPU.ActiveCfg = Release|Any CPU
		{FD8D83D4-4EA3-485B-A2EA-233D2B720455}.Release|Any CPU.Build.0 = Release|Any CPU
		{071C6D9B-6BDF-4CD9-B1A6-1422F495B5B9}.Debug|Any CPU.ActiveCfg = Debug|Any CPU
		{071C6D9B-6BDF-4CD9-B1A6-1422F495B5B9}.Debug|Any CPU.Build.0 = Debug|Any CPU
		{071C6D9B-6BDF-4CD9-B1A6-1422F495B5B9}.Release|Any CPU.ActiveCfg = Release|Any CPU
		{071C6D9B-6BDF-4CD9-B1A6-1422F495B5B9}.Release|Any CPU.Build.0 = Release|Any CPU
		{29ED1AF1-8E45-4E2D-97CA-56857254A75A}.Debug|Any CPU.ActiveCfg = Debug|Any CPU
		{29ED1AF1-8E45-4E2D-97CA-56857254A75A}.Debug|Any CPU.Build.0 = Debug|Any CPU
		{29ED1AF1-8E45-4E2D-97CA-56857254A75A}.Release|Any CPU.ActiveCfg = Release|Any CPU
		{29ED1AF1-8E45-4E2D-97CA-56857254A75A}.Release|Any CPU.Build.0 = Release|Any CPU
	EndGlobalSection
	GlobalSection(SolutionProperties) = preSolution
		HideSolutionNode = FALSE
	EndGlobalSection
	GlobalSection(ExtensibilityGlobals) = postSolution
		SolutionGuid = {4CC2DD5A-5734-4565-9920-0E0C98A13426}
	EndGlobalSection
EndGlobal
