
Microsoft Visual Studio Solution File, Format Version 12.00
# Visual Studio Version 16
VisualStudioVersion = 16.0.31205.134
MinimumVisualStudioVersion = 10.0.40219.1
Project("{FAE04EC0-301F-11D3-BF4B-00C04F79EFBC}") = "01", "01\01.csproj", "{D1537701-35E7-43A4-B9A4-195FFB7362F7}"
EndProject
Project("{FAE04EC0-301F-11D3-BF4B-00C04F79EFBC}") = "02", "02\02.csproj", "{35D6E930-8B1E-4CC3-8A88-CD5F26977535}"
EndProject
Project("{FAE04EC0-301F-11D3-BF4B-00C04F79EFBC}") = "03", "03\03.csproj", "{3ACB2CA4-033C-4C91-9553-B044C8EE5B04}"
EndProject
Global
	GlobalSection(SolutionConfigurationPlatforms) = preSolution
		Debug|Any CPU = Debug|Any CPU
		Release|Any CPU = Release|Any CPU
	EndGlobalSection
	GlobalSection(ProjectConfigurationPlatforms) = postSolution
		{D1537701-35E7-43A4-B9A4-195FFB7362F7}.Debug|Any CPU.ActiveCfg = Debug|Any CPU
		{D1537701-35E7-43A4-B9A4-195FFB7362F7}.Debug|Any CPU.Build.0 = Debug|Any CPU
		{D1537701-35E7-43A4-B9A4-195FFB7362F7}.Release|Any CPU.ActiveCfg = Release|Any CPU
		{D1537701-35E7-43A4-B9A4-195FFB7362F7}.Release|Any CPU.Build.0 = Release|Any CPU
		{35D6E930-8B1E-4CC3-8A88-CD5F26977535}.Debug|Any CPU.ActiveCfg = Debug|Any CPU
		{35D6E930-8B1E-4CC3-8A88-CD5F26977535}.Debug|Any CPU.Build.0 = Debug|Any CPU
		{35D6E930-8B1E-4CC3-8A88-CD5F26977535}.Release|Any CPU.ActiveCfg = Release|Any CPU
		{35D6E930-8B1E-4CC3-8A88-CD5F26977535}.Release|Any CPU.Build.0 = Release|Any CPU
		{3ACB2CA4-033C-4C91-9553-B044C8EE5B04}.Debug|Any CPU.ActiveCfg = Debug|Any CPU
		{3ACB2CA4-033C-4C91-9553-B044C8EE5B04}.Debug|Any CPU.Build.0 = Debug|Any CPU
		{3ACB2CA4-033C-4C91-9553-B044C8EE5B04}.Release|Any CPU.ActiveCfg = Release|Any CPU
		{3ACB2CA4-033C-4C91-9553-B044C8EE5B04}.Release|Any CPU.Build.0 = Release|Any CPU
	EndGlobalSection
	GlobalSection(SolutionProperties) = preSolution
		HideSolutionNode = FALSE
	EndGlobalSection
	GlobalSection(ExtensibilityGlobals) = postSolution
		SolutionGuid = {6D9F1BAF-ECAB-44A1-B885-16B752992D02}
	EndGlobalSection
EndGlobal
