
Microsoft Visual Studio Solution File, Format Version 12.00
# Visual Studio Version 16
VisualStudioVersion = 16.0.31205.134
MinimumVisualStudioVersion = 10.0.40219.1
Project("{9A19103F-16F7-4668-BE54-9A1E7A4F7556}") = "01", "01\01.csproj", "{7B33CB3F-FF74-46C5-AC54-3C06C76807EA}"
EndProject
Project("{9A19103F-16F7-4668-BE54-9A1E7A4F7556}") = "02", "02\02.csproj", "{849D7E6C-1B46-47B8-AD52-A3AC88BF922F}"
EndProject
Project("{FAE04EC0-301F-11D3-BF4B-00C04F79EFBC}") = "03", "03\03.csproj", "{C71C18C6-C162-47C1-AFD6-19BB64D0CA1D}"
EndProject
Global
	GlobalSection(SolutionConfigurationPlatforms) = preSolution
		Debug|Any CPU = Debug|Any CPU
		Release|Any CPU = Release|Any CPU
	EndGlobalSection
	GlobalSection(ProjectConfigurationPlatforms) = postSolution
		{7B33CB3F-FF74-46C5-AC54-3C06C76807EA}.Debug|Any CPU.ActiveCfg = Debug|Any CPU
		{7B33CB3F-FF74-46C5-AC54-3C06C76807EA}.Debug|Any CPU.Build.0 = Debug|Any CPU
		{7B33CB3F-FF74-46C5-AC54-3C06C76807EA}.Release|Any CPU.ActiveCfg = Release|Any CPU
		{7B33CB3F-FF74-46C5-AC54-3C06C76807EA}.Release|Any CPU.Build.0 = Release|Any CPU
		{849D7E6C-1B46-47B8-AD52-A3AC88BF922F}.Debug|Any CPU.ActiveCfg = Debug|Any CPU
		{849D7E6C-1B46-47B8-AD52-A3AC88BF922F}.Debug|Any CPU.Build.0 = Debug|Any CPU
		{849D7E6C-1B46-47B8-AD52-A3AC88BF922F}.Release|Any CPU.ActiveCfg = Release|Any CPU
		{849D7E6C-1B46-47B8-AD52-A3AC88BF922F}.Release|Any CPU.Build.0 = Release|Any CPU
		{C71C18C6-C162-47C1-AFD6-19BB64D0CA1D}.Debug|Any CPU.ActiveCfg = Debug|Any CPU
		{C71C18C6-C162-47C1-AFD6-19BB64D0CA1D}.Debug|Any CPU.Build.0 = Debug|Any CPU
		{C71C18C6-C162-47C1-AFD6-19BB64D0CA1D}.Release|Any CPU.ActiveCfg = Release|Any CPU
		{C71C18C6-C162-47C1-AFD6-19BB64D0CA1D}.Release|Any CPU.Build.0 = Release|Any CPU
	EndGlobalSection
	GlobalSection(SolutionProperties) = preSolution
		HideSolutionNode = FALSE
	EndGlobalSection
	GlobalSection(ExtensibilityGlobals) = postSolution
		SolutionGuid = {DFF5070B-B472-4F32-AE8E-AE2C6CE40DBA}
	EndGlobalSection
EndGlobal
