
Microsoft Visual Studio Solution File, Format Version 12.00
# Visual Studio Version 16
VisualStudioVersion = 16.0.31129.286
MinimumVisualStudioVersion = 10.0.40219.1
Project("{FAE04EC0-301F-11D3-BF4B-00C04F79EFBC}") = "01", "01\01.csproj", "{003DC1A8-055B-4147-97C1-7CDBCE6755FE}"
EndProject
Global
	GlobalSection(SolutionConfigurationPlatforms) = preSolution
		Debug|Any CPU = Debug|Any CPU
		Release|Any CPU = Release|Any CPU
	EndGlobalSection
	GlobalSection(ProjectConfigurationPlatforms) = postSolution
		{003DC1A8-055B-4147-97C1-7CDBCE6755FE}.Debug|Any CPU.ActiveCfg = Debug|Any CPU
		{003DC1A8-055B-4147-97C1-7CDBCE6755FE}.Debug|Any CPU.Build.0 = Debug|Any CPU
		{003DC1A8-055B-4147-97C1-7CDBCE6755FE}.Release|Any CPU.ActiveCfg = Release|Any CPU
		{003DC1A8-055B-4147-97C1-7CDBCE6755FE}.Release|Any CPU.Build.0 = Release|Any CPU
	EndGlobalSection
	GlobalSection(SolutionProperties) = preSolution
		HideSolutionNode = FALSE
	EndGlobalSection
	GlobalSection(ExtensibilityGlobals) = postSolution
		SolutionGuid = {DD090192-31FA-4647-AB21-AA4528160C9F}
	EndGlobalSection
EndGlobal
