
Microsoft Visual Studio Solution File, Format Version 12.00
# Visual Studio Version 16
VisualStudioVersion = 16.0.31205.134
MinimumVisualStudioVersion = 10.0.40219.1
Project("{FAE04EC0-301F-11D3-BF4B-00C04F79EFBC}") = "01", "01\01.csproj", "{216E31B7-8151-4716-9C08-9899B94A7540}"
EndProject
Project("{FAE04EC0-301F-11D3-BF4B-00C04F79EFBC}") = "02", "02\02.csproj", "{5FD297C9-E29F-4DC1-8990-51C837B98EFD}"
EndProject
Project("{FAE04EC0-301F-11D3-BF4B-00C04F79EFBC}") = "03", "03\03.csproj", "{03757309-46F9-4581-89D4-0E6BC42A5C65}"
EndProject
Project("{FAE04EC0-301F-11D3-BF4B-00C04F79EFBC}") = "04", "04\04.csproj", "{E42DC395-E5A8-4FAB-A4B4-E1BB0578D299}"
EndProject
Project("{FAE04EC0-301F-11D3-BF4B-00C04F79EFBC}") = "05", "05\05.csproj", "{E5A77DE4-E2CE-4B92-A7ED-E8E2E169D9C1}"
EndProject
Project("{FAE04EC0-301F-11D3-BF4B-00C04F79EFBC}") = "06", "06\06.csproj", "{17F3B61D-E28F-4CF1-A9C4-C1688CBA0635}"
EndProject
Project("{FAE04EC0-301F-11D3-BF4B-00C04F79EFBC}") = "07", "07\07.csproj", "{5C7DD439-8F61-4C39-A3BB-C73A314530F2}"
EndProject
Project("{FAE04EC0-301F-11D3-BF4B-00C04F79EFBC}") = "08", "08\08.csproj", "{D0AB4801-0631-41F1-8F4A-6CCCE1041A26}"
EndProject
Project("{FAE04EC0-301F-11D3-BF4B-00C04F79EFBC}") = "09", "09\09.csproj", "{9D8B19CE-7749-41D0-9885-FC1C49C2AE7C}"
EndProject
Project("{FAE04EC0-301F-11D3-BF4B-00C04F79EFBC}") = "10", "10\10.csproj", "{209BA55F-9BBE-494F-811F-CFACDD199E0A}"
EndProject
Global
	GlobalSection(SolutionConfigurationPlatforms) = preSolution
		Debug|Any CPU = Debug|Any CPU
		Release|Any CPU = Release|Any CPU
	EndGlobalSection
	GlobalSection(ProjectConfigurationPlatforms) = postSolution
		{216E31B7-8151-4716-9C08-9899B94A7540}.Debug|Any CPU.ActiveCfg = Debug|Any CPU
		{216E31B7-8151-4716-9C08-9899B94A7540}.Debug|Any CPU.Build.0 = Debug|Any CPU
		{216E31B7-8151-4716-9C08-9899B94A7540}.Release|Any CPU.ActiveCfg = Release|Any CPU
		{216E31B7-8151-4716-9C08-9899B94A7540}.Release|Any CPU.Build.0 = Release|Any CPU
		{5FD297C9-E29F-4DC1-8990-51C837B98EFD}.Debug|Any CPU.ActiveCfg = Debug|Any CPU
		{5FD297C9-E29F-4DC1-8990-51C837B98EFD}.Debug|Any CPU.Build.0 = Debug|Any CPU
		{5FD297C9-E29F-4DC1-8990-51C837B98EFD}.Release|Any CPU.ActiveCfg = Release|Any CPU
		{5FD297C9-E29F-4DC1-8990-51C837B98EFD}.Release|Any CPU.Build.0 = Release|Any CPU
		{03757309-46F9-4581-89D4-0E6BC42A5C65}.Debug|Any CPU.ActiveCfg = Debug|Any CPU
		{03757309-46F9-4581-89D4-0E6BC42A5C65}.Debug|Any CPU.Build.0 = Debug|Any CPU
		{03757309-46F9-4581-89D4-0E6BC42A5C65}.Release|Any CPU.ActiveCfg = Release|Any CPU
		{03757309-46F9-4581-89D4-0E6BC42A5C65}.Release|Any CPU.Build.0 = Release|Any CPU
		{E42DC395-E5A8-4FAB-A4B4-E1BB0578D299}.Debug|Any CPU.ActiveCfg = Debug|Any CPU
		{E42DC395-E5A8-4FAB-A4B4-E1BB0578D299}.Debug|Any CPU.Build.0 = Debug|Any CPU
		{E42DC395-E5A8-4FAB-A4B4-E1BB0578D299}.Release|Any CPU.ActiveCfg = Release|Any CPU
		{E42DC395-E5A8-4FAB-A4B4-E1BB0578D299}.Release|Any CPU.Build.0 = Release|Any CPU
		{E5A77DE4-E2CE-4B92-A7ED-E8E2E169D9C1}.Debug|Any CPU.ActiveCfg = Debug|Any CPU
		{E5A77DE4-E2CE-4B92-A7ED-E8E2E169D9C1}.Debug|Any CPU.Build.0 = Debug|Any CPU
		{E5A77DE4-E2CE-4B92-A7ED-E8E2E169D9C1}.Release|Any CPU.ActiveCfg = Release|Any CPU
		{E5A77DE4-E2CE-4B92-A7ED-E8E2E169D9C1}.Release|Any CPU.Build.0 = Release|Any CPU
		{17F3B61D-E28F-4CF1-A9C4-C1688CBA0635}.Debug|Any CPU.ActiveCfg = Debug|Any CPU
		{17F3B61D-E28F-4CF1-A9C4-C1688CBA0635}.Debug|Any CPU.Build.0 = Debug|Any CPU
		{17F3B61D-E28F-4CF1-A9C4-C1688CBA0635}.Release|Any CPU.ActiveCfg = Release|Any CPU
		{17F3B61D-E28F-4CF1-A9C4-C1688CBA0635}.Release|Any CPU.Build.0 = Release|Any CPU
		{5C7DD439-8F61-4C39-A3BB-C73A314530F2}.Debug|Any CPU.ActiveCfg = Debug|Any CPU
		{5C7DD439-8F61-4C39-A3BB-C73A314530F2}.Debug|Any CPU.Build.0 = Debug|Any CPU
		{5C7DD439-8F61-4C39-A3BB-C73A314530F2}.Release|Any CPU.ActiveCfg = Release|Any CPU
		{5C7DD439-8F61-4C39-A3BB-C73A314530F2}.Release|Any CPU.Build.0 = Release|Any CPU
		{D0AB4801-0631-41F1-8F4A-6CCCE1041A26}.Debug|Any CPU.ActiveCfg = Debug|Any CPU
		{D0AB4801-0631-41F1-8F4A-6CCCE1041A26}.Debug|Any CPU.Build.0 = Debug|Any CPU
		{D0AB4801-0631-41F1-8F4A-6CCCE1041A26}.Release|Any CPU.ActiveCfg = Release|Any CPU
		{D0AB4801-0631-41F1-8F4A-6CCCE1041A26}.Release|Any CPU.Build.0 = Release|Any CPU
		{9D8B19CE-7749-41D0-9885-FC1C49C2AE7C}.Debug|Any CPU.ActiveCfg = Debug|Any CPU
		{9D8B19CE-7749-41D0-9885-FC1C49C2AE7C}.Debug|Any CPU.Build.0 = Debug|Any CPU
		{9D8B19CE-7749-41D0-9885-FC1C49C2AE7C}.Release|Any CPU.ActiveCfg = Release|Any CPU
		{9D8B19CE-7749-41D0-9885-FC1C49C2AE7C}.Release|Any CPU.Build.0 = Release|Any CPU
		{209BA55F-9BBE-494F-811F-CFACDD199E0A}.Debug|Any CPU.ActiveCfg = Debug|Any CPU
		{209BA55F-9BBE-494F-811F-CFACDD199E0A}.Debug|Any CPU.Build.0 = Debug|Any CPU
		{209BA55F-9BBE-494F-811F-CFACDD199E0A}.Release|Any CPU.ActiveCfg = Release|Any CPU
		{209BA55F-9BBE-494F-811F-CFACDD199E0A}.Release|Any CPU.Build.0 = Release|Any CPU
	EndGlobalSection
	GlobalSection(SolutionProperties) = preSolution
		HideSolutionNode = FALSE
	EndGlobalSection
	GlobalSection(ExtensibilityGlobals) = postSolution
		SolutionGuid = {A724C6D2-317D-44FD-99E2-3299F10503ED}
	EndGlobalSection
EndGlobal
